
Microsoft Visual Studio Solution File, Format Version 12.00
# Visual Studio 15
Project("{FAE04EC0-301F-11D3-BF4B-00C04F79EFBC}") = "BinaryNumbers", "BinaryNumbers\BinaryNumbers.csproj", "{C571F855-D9EE-4BCC-B0B4-982030A82744}"
EndProject
Project("{FAE04EC0-301F-11D3-BF4B-00C04F79EFBC}") = "SubstitutionCypher", "SubstitutionCypher\SubstitutionCypher.csproj", "{17A8F7F4-CC51-4127-9A3A-B5FB1E1E714B}"
EndProject
Project("{FAE04EC0-301F-11D3-BF4B-00C04F79EFBC}") = "StudentTests", "StudentTests\StudentTests.csproj", "{2DB3D6CE-54E9-4F89-8D43-400BF66CFC5E}"
EndProject
Project("{FAE04EC0-301F-11D3-BF4B-00C04F79EFBC}") = "StudentClasses", "StudentClasses\StudentClasses.csproj", "{33A45377-0786-48E4-B568-58DF24218F84}"
EndProject
Global
	GlobalSection(SolutionConfigurationPlatforms) = preSolution
		Debug|Any CPU = Debug|Any CPU
		Release|Any CPU = Release|Any CPU
	EndGlobalSection
	GlobalSection(ProjectConfigurationPlatforms) = postSolution
		{C571F855-D9EE-4BCC-B0B4-982030A82744}.Debug|Any CPU.ActiveCfg = Debug|Any CPU
		{C571F855-D9EE-4BCC-B0B4-982030A82744}.Debug|Any CPU.Build.0 = Debug|Any CPU
		{C571F855-D9EE-4BCC-B0B4-982030A82744}.Release|Any CPU.ActiveCfg = Release|Any CPU
		{C571F855-D9EE-4BCC-B0B4-982030A82744}.Release|Any CPU.Build.0 = Release|Any CPU
		{17A8F7F4-CC51-4127-9A3A-B5FB1E1E714B}.Debug|Any CPU.ActiveCfg = Debug|Any CPU
		{17A8F7F4-CC51-4127-9A3A-B5FB1E1E714B}.Debug|Any CPU.Build.0 = Debug|Any CPU
		{17A8F7F4-CC51-4127-9A3A-B5FB1E1E714B}.Release|Any CPU.ActiveCfg = Release|Any CPU
		{17A8F7F4-CC51-4127-9A3A-B5FB1E1E714B}.Release|Any CPU.Build.0 = Release|Any CPU
		{2DB3D6CE-54E9-4F89-8D43-400BF66CFC5E}.Debug|Any CPU.ActiveCfg = Debug|Any CPU
		{2DB3D6CE-54E9-4F89-8D43-400BF66CFC5E}.Debug|Any CPU.Build.0 = Debug|Any CPU
		{2DB3D6CE-54E9-4F89-8D43-400BF66CFC5E}.Release|Any CPU.ActiveCfg = Release|Any CPU
		{2DB3D6CE-54E9-4F89-8D43-400BF66CFC5E}.Release|Any CPU.Build.0 = Release|Any CPU
		{33A45377-0786-48E4-B568-58DF24218F84}.Debug|Any CPU.ActiveCfg = Debug|Any CPU
		{33A45377-0786-48E4-B568-58DF24218F84}.Debug|Any CPU.Build.0 = Debug|Any CPU
		{33A45377-0786-48E4-B568-58DF24218F84}.Release|Any CPU.ActiveCfg = Release|Any CPU
		{33A45377-0786-48E4-B568-58DF24218F84}.Release|Any CPU.Build.0 = Release|Any CPU
	EndGlobalSection
EndGlobal
